
Microsoft Visual Studio Solution File, Format Version 12.00
# Visual Studio Version 17
VisualStudioVersion = 17.2.32505.173
MinimumVisualStudioVersion = 10.0.40219.1
Project("{9A19103F-16F7-4668-BE54-9A1E7A4F7556}") = "Task", "Task\Task.csproj", "{34792FDE-0C0D-4363-8D9B-636F05DFD58F}"
EndProject
Project("{9A19103F-16F7-4668-BE54-9A1E7A4F7556}") = "TaskModels", "TaskModels2\TaskModels.csproj", "{E37EF8CB-DDBB-4740-A55E-A4BA71EFF5FF}"
EndProject
Project("{9A19103F-16F7-4668-BE54-9A1E7A4F7556}") = "TaskSeeds", "TaskSeeds\TaskSeeds.csproj", "{90282B20-61EE-44E3-86F6-7EA3734BADFA}"
EndProject
Project("{9A19103F-16F7-4668-BE54-9A1E7A4F7556}") = "TaskContext", "TaskContext\TaskContext.csproj", "{47278F12-7B0E-4E14-B585-2DF2FD9DCECC}"
EndProject
Project("{9A19103F-16F7-4668-BE54-9A1E7A4F7556}") = "TaskFactory", "TaskFactory\TaskFactory.csproj", "{87FEC760-5066-4CE9-83CF-AF035661B025}"
EndProject
Project("{FAE04EC0-301F-11D3-BF4B-00C04F79EFBC}") = "TaskRepositories", "TaskRepositories\TaskRepositories.csproj", "{12D1CBA7-3000-46A1-94C5-C9F0769A12D0}"
EndProject
Global
	GlobalSection(SolutionConfigurationPlatforms) = preSolution
		Debug|Any CPU = Debug|Any CPU
		Release|Any CPU = Release|Any CPU
	EndGlobalSection
	GlobalSection(ProjectConfigurationPlatforms) = postSolution
		{34792FDE-0C0D-4363-8D9B-636F05DFD58F}.Debug|Any CPU.ActiveCfg = Debug|Any CPU
		{34792FDE-0C0D-4363-8D9B-636F05DFD58F}.Debug|Any CPU.Build.0 = Debug|Any CPU
		{34792FDE-0C0D-4363-8D9B-636F05DFD58F}.Release|Any CPU.ActiveCfg = Release|Any CPU
		{34792FDE-0C0D-4363-8D9B-636F05DFD58F}.Release|Any CPU.Build.0 = Release|Any CPU
		{E37EF8CB-DDBB-4740-A55E-A4BA71EFF5FF}.Debug|Any CPU.ActiveCfg = Debug|Any CPU
		{E37EF8CB-DDBB-4740-A55E-A4BA71EFF5FF}.Debug|Any CPU.Build.0 = Debug|Any CPU
		{E37EF8CB-DDBB-4740-A55E-A4BA71EFF5FF}.Release|Any CPU.ActiveCfg = Release|Any CPU
		{E37EF8CB-DDBB-4740-A55E-A4BA71EFF5FF}.Release|Any CPU.Build.0 = Release|Any CPU
		{90282B20-61EE-44E3-86F6-7EA3734BADFA}.Debug|Any CPU.ActiveCfg = Debug|Any CPU
		{90282B20-61EE-44E3-86F6-7EA3734BADFA}.Debug|Any CPU.Build.0 = Debug|Any CPU
		{90282B20-61EE-44E3-86F6-7EA3734BADFA}.Release|Any CPU.ActiveCfg = Release|Any CPU
		{90282B20-61EE-44E3-86F6-7EA3734BADFA}.Release|Any CPU.Build.0 = Release|Any CPU
		{47278F12-7B0E-4E14-B585-2DF2FD9DCECC}.Debug|Any CPU.ActiveCfg = Debug|Any CPU
		{47278F12-7B0E-4E14-B585-2DF2FD9DCECC}.Debug|Any CPU.Build.0 = Debug|Any CPU
		{47278F12-7B0E-4E14-B585-2DF2FD9DCECC}.Release|Any CPU.ActiveCfg = Release|Any CPU
		{47278F12-7B0E-4E14-B585-2DF2FD9DCECC}.Release|Any CPU.Build.0 = Release|Any CPU
		{87FEC760-5066-4CE9-83CF-AF035661B025}.Debug|Any CPU.ActiveCfg = Debug|Any CPU
		{87FEC760-5066-4CE9-83CF-AF035661B025}.Debug|Any CPU.Build.0 = Debug|Any CPU
		{87FEC760-5066-4CE9-83CF-AF035661B025}.Release|Any CPU.ActiveCfg = Release|Any CPU
		{87FEC760-5066-4CE9-83CF-AF035661B025}.Release|Any CPU.Build.0 = Release|Any CPU
		{12D1CBA7-3000-46A1-94C5-C9F0769A12D0}.Debug|Any CPU.ActiveCfg = Debug|Any CPU
		{12D1CBA7-3000-46A1-94C5-C9F0769A12D0}.Debug|Any CPU.Build.0 = Debug|Any CPU
		{12D1CBA7-3000-46A1-94C5-C9F0769A12D0}.Release|Any CPU.ActiveCfg = Release|Any CPU
		{12D1CBA7-3000-46A1-94C5-C9F0769A12D0}.Release|Any CPU.Build.0 = Release|Any CPU
	EndGlobalSection
	GlobalSection(SolutionProperties) = preSolution
		HideSolutionNode = FALSE
	EndGlobalSection
	GlobalSection(ExtensibilityGlobals) = postSolution
		SolutionGuid = {64D35AC0-1ABF-4CB1-9DB1-F4174F01F6D2}
	EndGlobalSection
EndGlobal
